
Microsoft Visual Studio Solution File, Format Version 12.00
# Visual Studio Version 17
VisualStudioVersion = 17.1.32328.378
MinimumVisualStudioVersion = 10.0.40219.1
Project("{FAE04EC0-301F-11D3-BF4B-00C04F79EFBC}") = "TEZAProject.API", "TEZAProject\TEZAProject.API.csproj", "{4A0CA37D-FF00-4452-9F48-3650BC104D1F}"
EndProject
Project("{FAE04EC0-301F-11D3-BF4B-00C04F79EFBC}") = "TEZAProject.Common", "TEZAProject.Common\TEZAProject.Common.csproj", "{8417A7AC-359A-4AD4-ADF2-1F4E0C202A20}"
EndProject
Project("{FAE04EC0-301F-11D3-BF4B-00C04F79EFBC}") = "TEZAProject.Bll", "TEZAProject.Bll\TEZAProject.Bll.csproj", "{0C51E495-E082-41C1-B6C6-9DABB84CEE2D}"
EndProject
Project("{FAE04EC0-301F-11D3-BF4B-00C04F79EFBC}") = "TEZAProject.Dal", "TEZAProject.Dal\TEZAProject.Dal.csproj", "{CF4E3E2A-35D9-429A-87F8-5B8E96438EFC}"
EndProject
Project("{FAE04EC0-301F-11D3-BF4B-00C04F79EFBC}") = "TEZAProject.Domain", "TEZAProject.Domain\TEZAProject.Domain.csproj", "{9E68185A-7B6F-4195-BE70-36A3655AE66B}"
EndProject
Global
	GlobalSection(SolutionConfigurationPlatforms) = preSolution
		Debug|Any CPU = Debug|Any CPU
		Release|Any CPU = Release|Any CPU
	EndGlobalSection
	GlobalSection(ProjectConfigurationPlatforms) = postSolution
		{4A0CA37D-FF00-4452-9F48-3650BC104D1F}.Debug|Any CPU.ActiveCfg = Debug|Any CPU
		{4A0CA37D-FF00-4452-9F48-3650BC104D1F}.Debug|Any CPU.Build.0 = Debug|Any CPU
		{4A0CA37D-FF00-4452-9F48-3650BC104D1F}.Release|Any CPU.ActiveCfg = Release|Any CPU
		{4A0CA37D-FF00-4452-9F48-3650BC104D1F}.Release|Any CPU.Build.0 = Release|Any CPU
		{8417A7AC-359A-4AD4-ADF2-1F4E0C202A20}.Debug|Any CPU.ActiveCfg = Debug|Any CPU
		{8417A7AC-359A-4AD4-ADF2-1F4E0C202A20}.Debug|Any CPU.Build.0 = Debug|Any CPU
		{8417A7AC-359A-4AD4-ADF2-1F4E0C202A20}.Release|Any CPU.ActiveCfg = Release|Any CPU
		{8417A7AC-359A-4AD4-ADF2-1F4E0C202A20}.Release|Any CPU.Build.0 = Release|Any CPU
		{0C51E495-E082-41C1-B6C6-9DABB84CEE2D}.Debug|Any CPU.ActiveCfg = Debug|Any CPU
		{0C51E495-E082-41C1-B6C6-9DABB84CEE2D}.Debug|Any CPU.Build.0 = Debug|Any CPU
		{0C51E495-E082-41C1-B6C6-9DABB84CEE2D}.Release|Any CPU.ActiveCfg = Release|Any CPU
		{0C51E495-E082-41C1-B6C6-9DABB84CEE2D}.Release|Any CPU.Build.0 = Release|Any CPU
		{CF4E3E2A-35D9-429A-87F8-5B8E96438EFC}.Debug|Any CPU.ActiveCfg = Debug|Any CPU
		{CF4E3E2A-35D9-429A-87F8-5B8E96438EFC}.Debug|Any CPU.Build.0 = Debug|Any CPU
		{CF4E3E2A-35D9-429A-87F8-5B8E96438EFC}.Release|Any CPU.ActiveCfg = Release|Any CPU
		{CF4E3E2A-35D9-429A-87F8-5B8E96438EFC}.Release|Any CPU.Build.0 = Release|Any CPU
		{9E68185A-7B6F-4195-BE70-36A3655AE66B}.Debug|Any CPU.ActiveCfg = Debug|Any CPU
		{9E68185A-7B6F-4195-BE70-36A3655AE66B}.Debug|Any CPU.Build.0 = Debug|Any CPU
		{9E68185A-7B6F-4195-BE70-36A3655AE66B}.Release|Any CPU.ActiveCfg = Release|Any CPU
		{9E68185A-7B6F-4195-BE70-36A3655AE66B}.Release|Any CPU.Build.0 = Release|Any CPU
	EndGlobalSection
	GlobalSection(SolutionProperties) = preSolution
		HideSolutionNode = FALSE
	EndGlobalSection
	GlobalSection(ExtensibilityGlobals) = postSolution
		SolutionGuid = {27B80968-9F73-46EF-9110-7A5D61E31378}
	EndGlobalSection
EndGlobal
